// !$*UTF8*$!
{
	archiveVersion = 1;
	classes = {
	};
	objectVersion = 50;
	objects = {

/* Begin PBXBuildFile section */
		EA9240E02213C2AB0016F3D8 /* AppDelegate.swift in Sources */ = {isa = PBXBuildFile; fileRef = EA9240DF2213C2AB0016F3D8 /* AppDelegate.swift */; };
		EA9240E22213C2AB0016F3D8 /* ViewController.swift in Sources */ = {isa = PBXBuildFile; fileRef = EA9240E12213C2AB0016F3D8 /* ViewController.swift */; };
		EA9240E52213C2AB0016F3D8 /* Main.storyboard in Resources */ = {isa = PBXBuildFile; fileRef = EA9240E32213C2AB0016F3D8 /* Main.storyboard */; };
		EA9240E72213C2AC0016F3D8 /* Assets.xcassets in Resources */ = {isa = PBXBuildFile; fileRef = EA9240E62213C2AC0016F3D8 /* Assets.xcassets */; };
		EA9240EA2213C2AC0016F3D8 /* LaunchScreen.storyboard in Resources */ = {isa = PBXBuildFile; fileRef = EA9240E82213C2AC0016F3D8 /* LaunchScreen.storyboard */; };
		FC201FAC12055022542FBDC5 /* Pods_hpd_ios_mvvm.framework in Frameworks */ = {isa = PBXBuildFile; fileRef = 36D480F2944BE85EC3067EBD /* Pods_hpd_ios_mvvm.framework */; };
/* End PBXBuildFile section */

/* Begin PBXFileReference section */
		36D480F2944BE85EC3067EBD /* Pods_hpd_ios_mvvm.framework */ = {isa = PBXFileReference; explicitFileType = wrapper.framework; includeInIndex = 0; path = Pods_hpd_ios_mvvm.framework; sourceTree = BUILT_PRODUCTS_DIR; };
		978E508869946A5FE435E300 /* Pods-hpd-ios-mvvm.debug.xcconfig */ = {isa = PBXFileReference; includeInIndex = 1; lastKnownFileType = text.xcconfig; name = "Pods-hpd-ios-mvvm.debug.xcconfig"; path = "Pods/Target Support Files/Pods-hpd-ios-mvvm/Pods-hpd-ios-mvvm.debug.xcconfig"; sourceTree = "<group>"; };
		C4C59C0C284F98D372576EDC /* Pods-hpd-ios-mvvm.release.xcconfig */ = {isa = PBXFileReference; includeInIndex = 1; lastKnownFileType = text.xcconfig; name = "Pods-hpd-ios-mvvm.release.xcconfig"; path = "Pods/Target Support Files/Pods-hpd-ios-mvvm/Pods-hpd-ios-mvvm.release.xcconfig"; sourceTree = "<group>"; };
		EA9240DC2213C2AB0016F3D8 /* hpd-ios-mvvm.app */ = {isa = PBXFileReference; explicitFileType = wrapper.application; includeInIndex = 0; path = "hpd-ios-mvvm.app"; sourceTree = BUILT_PRODUCTS_DIR; };
		EA9240DF2213C2AB0016F3D8 /* AppDelegate.swift */ = {isa = PBXFileReference; lastKnownFileType = sourcecode.swift; path = AppDelegate.swift; sourceTree = "<group>"; };
		EA9240E12213C2AB0016F3D8 /* ViewController.swift */ = {isa = PBXFileReference; lastKnownFileType = sourcecode.swift; path = ViewController.swift; sourceTree = "<group>"; };
		EA9240E42213C2AB0016F3D8 /* Base */ = {isa = PBXFileReference; lastKnownFileType = file.storyboard; name = Base; path = Base.lproj/Main.storyboard; sourceTree = "<group>"; };
		EA9240E62213C2AC0016F3D8 /* Assets.xcassets */ = {isa = PBXFileReference; lastKnownFileType = folder.assetcatalog; path = Assets.xcassets; sourceTree = "<group>"; };
		EA9240E92213C2AC0016F3D8 /* Base */ = {isa = PBXFileReference; lastKnownFileType = file.storyboard; name = Base; path = Base.lproj/LaunchScreen.storyboard; sourceTree = "<group>"; };
		EA9240EB2213C2AC0016F3D8 /* Info.plist */ = {isa = PBXFileReference; lastKnownFileType = text.plist.xml; path = Info.plist; sourceTree = "<group>"; };
/* End PBXFileReference section */

/* Begin PBXFrameworksBuildPhase section */
		EA9240D92213C2AB0016F3D8 /* Frameworks */ = {
			isa = PBXFrameworksBuildPhase;
			buildActionMask = 2147483647;
			files = (
				FC201FAC12055022542FBDC5 /* Pods_hpd_ios_mvvm.framework in Frameworks */,
			);
			runOnlyForDeploymentPostprocessing = 0;
		};
/* End PBXFrameworksBuildPhase section */

/* Begin PBXGroup section */
		82599053E6C6A021ADD07D6F /* Frameworks */ = {
			isa = PBXGroup;
			children = (
				36D480F2944BE85EC3067EBD /* Pods_hpd_ios_mvvm.framework */,
			);
			name = Frameworks;
			sourceTree = "<group>";
		};
		EA9240D32213C2AB0016F3D8 = {
			isa = PBXGroup;
			children = (
				EA9240DE2213C2AB0016F3D8 /* hpd-ios-mvvm */,
				EA9240DD2213C2AB0016F3D8 /* Products */,
				EF4151D18FFF65F18B0F0C2F /* Pods */,
				82599053E6C6A021ADD07D6F /* Frameworks */,
			);
			sourceTree = "<group>";
		};
		EA9240DD2213C2AB0016F3D8 /* Products */ = {
			isa = PBXGroup;
			children = (
				EA9240DC2213C2AB0016F3D8 /* hpd-ios-mvvm.app */,
			);
			name = Products;
			sourceTree = "<group>";
		};
		EA9240DE2213C2AB0016F3D8 /* hpd-ios-mvvm */ = {
			isa = PBXGroup;
			children = (
				EA9240DF2213C2AB0016F3D8 /* AppDelegate.swift */,
				EA9240E12213C2AB0016F3D8 /* ViewController.swift */,
				EA9240E32213C2AB0016F3D8 /* Main.storyboard */,
				EA9240E62213C2AC0016F3D8 /* Assets.xcassets */,
				EA9240E82213C2AC0016F3D8 /* LaunchScreen.storyboard */,
				EA9240EB2213C2AC0016F3D8 /* Info.plist */,
			);
			path = "hpd-ios-mvvm";
			sourceTree = "<group>";
		};
		EF4151D18FFF65F18B0F0C2F /* Pods */ = {
			isa = PBXGroup;
			children = (
				978E508869946A5FE435E300 /* Pods-hpd-ios-mvvm.debug.xcconfig */,
				C4C59C0C284F98D372576EDC /* Pods-hpd-ios-mvvm.release.xcconfig */,
			);
			name = Pods;
			sourceTree = "<group>";
		};
/* End PBXGroup section */

/* Begin PBXNativeTarget section */
		EA9240DB2213C2AB0016F3D8 /* hpd-ios-mvvm */ = {
			isa = PBXNativeTarget;
			buildConfigurationList = EA9240EE2213C2AC0016F3D8 /* Build configuration list for PBXNativeTarget "hpd-ios-mvvm" */;
			buildPhases = (
				522B2510A9AAED8A94CBE46F /* [CP] Check Pods Manifest.lock */,
				EA9240D82213C2AB0016F3D8 /* Sources */,
				EA9240D92213C2AB0016F3D8 /* Frameworks */,
				EA9240DA2213C2AB0016F3D8 /* Resources */,
				8D98BEE7140BDC43ADDB81FD /* [CP] Embed Pods Frameworks */,
			);
			buildRules = (
			);
			dependencies = (
			);
			name = "hpd-ios-mvvm";
			productName = "hpd-ios-mvvm";
			productReference = EA9240DC2213C2AB0016F3D8 /* hpd-ios-mvvm.app */;
			productType = "com.apple.product-type.application";
		};
/* End PBXNativeTarget section */

/* Begin PBXProject section */
		EA9240D42213C2AB0016F3D8 /* Project object */ = {
			isa = PBXProject;
			attributes = {
				LastSwiftUpdateCheck = 1010;
				LastUpgradeCheck = 1010;
				ORGANIZATIONNAME = huangpeidong;
				TargetAttributes = {
					EA9240DB2213C2AB0016F3D8 = {
						CreatedOnToolsVersion = 10.1;
					};
				};
			};
			buildConfigurationList = EA9240D72213C2AB0016F3D8 /* Build configuration list for PBXProject "hpd-ios-mvvm" */;
			compatibilityVersion = "Xcode 9.3";
			developmentRegion = en;
			hasScannedForEncodings = 0;
			knownRegions = (
				en,
				Base,
			);
			mainGroup = EA9240D32213C2AB0016F3D8;
			productRefGroup = EA9240DD2213C2AB0016F3D8 /* Products */;
			projectDirPath = "";
			projectRoot = "";
			targets = (
				EA9240DB2213C2AB0016F3D8 /* hpd-ios-mvvm */,
			);
		};
/* End PBXProject section */

/* Begin PBXResourcesBuildPhase section */
		EA9240DA2213C2AB0016F3D8 /* Resources */ = {
			isa = PBXResourcesBuildPhase;
			buildActionMask = 2147483647;
			files = (
				EA9240EA2213C2AC0016F3D8 /* LaunchScreen.storyboard in Resources */,
				EA9240E72213C2AC0016F3D8 /* Assets.xcassets in Resources */,
				EA9240E52213C2AB0016F3D8 /* Main.storyboard in Resources */,
			);
			runOnlyForDeploymentPostprocessing = 0;
		};
/* End PBXResourcesBuildPhase section */

/* Begin PBXShellScriptBuildPhase section */
		522B2510A9AAED8A94CBE46F /* [CP] Check Pods Manifest.lock */ = {
			isa = PBXShellScriptBuildPhase;
			buildActionMask = 2147483647;
			files = (
			);
			inputFileListPaths = (
			);
			inputPaths = (
				"${PODS_PODFILE_DIR_PATH}/Podfile.lock",
				"${PODS_ROOT}/Manifest.lock",
			);
			name = "[CP] Check Pods Manifest.lock";
			outputFileListPaths = (
			);
			outputPaths = (
				"$(DERIVED_FILE_DIR)/Pods-hpd-ios-mvvm-checkManifestLockResult.txt",
			);
			runOnlyForDeploymentPostprocessing = 0;
			shellPath = /bin/sh;
			shellScript = "diff \"${PODS_PODFILE_DIR_PATH}/Podfile.lock\" \"${PODS_ROOT}/Manifest.lock\" > /dev/null\nif [ $? != 0 ] ; then\n    # print error to STDERR\n    echo \"error: The sandbox is not in sync with the Podfile.lock. Run 'pod install' or update your CocoaPods installation.\" >&2\n    exit 1\nfi\n# This output is used by Xcode 'outputs' to avoid re-running this script phase.\necho \"SUCCESS\" > \"${SCRIPT_OUTPUT_FILE_0}\"\n";
			showEnvVarsInLog = 0;
		};
		8D98BEE7140BDC43ADDB81FD /* [CP] Embed Pods Frameworks */ = {
			isa = PBXShellScriptBuildPhase;
			buildActionMask = 2147483647;
			files = (
			);
			inputFileListPaths = (
			);
			inputPaths = (
				"${SRCROOT}/Pods/Target Support Files/Pods-hpd-ios-mvvm/Pods-hpd-ios-mvvm-frameworks.sh",
				"${BUILT_PRODUCTS_DIR}/Action/Action.framework",
				"${BUILT_PRODUCTS_DIR}/RxAtomic/RxAtomic.framework",
				"${BUILT_PRODUCTS_DIR}/RxCocoa/RxCocoa.framework",
				"${BUILT_PRODUCTS_DIR}/RxSwift/RxSwift.framework",
			);
			name = "[CP] Embed Pods Frameworks";
			outputFileListPaths = (
			);
			outputPaths = (
				"${TARGET_BUILD_DIR}/${FRAMEWORKS_FOLDER_PATH}/Action.framework",
				"${TARGET_BUILD_DIR}/${FRAMEWORKS_FOLDER_PATH}/RxAtomic.framework",
				"${TARGET_BUILD_DIR}/${FRAMEWORKS_FOLDER_PATH}/RxCocoa.framework",
				"${TARGET_BUILD_DIR}/${FRAMEWORKS_FOLDER_PATH}/RxSwift.framework",
			);
			runOnlyForDeploymentPostprocessing = 0;
			shellPath = /bin/sh;
			shellScript = "\"${SRCROOT}/Pods/Target Support Files/Pods-hpd-ios-mvvm/Pods-hpd-ios-mvvm-frameworks.sh\"\n";
			showEnvVarsInLog = 0;
		};
/* End PBXShellScriptBuildPhase section */

/* Begin PBXSourcesBuildPhase section */
		EA9240D82213C2AB0016F3D8 /* Sources */ = {
			isa = PBXSourcesBuildPhase;
			buildActionMask = 2147483647;
			files = (
				EA9240E22213C2AB0016F3D8 /* ViewController.swift in Sources */,
				EA9240E02213C2AB0016F3D8 /* AppDelegate.swift in Sources */,
			);
			runOnlyForDeploymentPostprocessing = 0;
		};
/* End PBXSourcesBuildPhase section */

/* Begin PBXVariantGroup section */
		EA9240E32213C2AB0016F3D8 /* Main.storyboard */ = {
			isa = PBXVariantGroup;
			children = (
				EA9240E42213C2AB0016F3D8 /* Base */,
			);
			name = Main.storyboard;
			sourceTree = "<group>";
		};
		EA9240E82213C2AC0016F3D8 /* LaunchScreen.storyboard */ = {
			isa = PBXVariantGroup;
			children = (
				EA9240E92213C2AC0016F3D8 /* Base */,
			);
			name = LaunchScreen.storyboard;
			sourceTree = "<group>";
		};
/* End PBXVariantGroup section */

/* Begin XCBuildConfiguration section */
		EA9240EC2213C2AC0016F3D8 /* Debug */ = {
			isa = XCBuildConfiguration;
			buildSettings = {
				ALWAYS_SEARCH_USER_PATHS = NO;
				CLANG_ANALYZER_NONNULL = YES;
				CLANG_ANALYZER_NUMBER_OBJECT_CONVERSION = YES_AGGRESSIVE;
				CLANG_CXX_LANGUAGE_STANDARD = "gnu++14";
				CLANG_CXX_LIBRARY = "libc++";
				CLANG_ENABLE_MODULES = YES;
				CLANG_ENABLE_OBJC_ARC = YES;
				CLANG_ENABLE_OBJC_WEAK = YES;
				CLANG_WARN_BLOCK_CAPTURE_AUTORELEASING = YES;
				CLANG_WARN_BOOL_CONVERSION = YES;
				CLANG_WARN_COMMA = YES;
				CLANG_WARN_CONSTANT_CONVERSION = YES;
				CLANG_WARN_DEPRECATED_OBJC_IMPLEMENTATIONS = YES;
				CLANG_WARN_DIRECT_OBJC_ISA_USAGE = YES_ERROR;
				CLANG_WARN_DOCUMENTATION_COMMENTS = YES;
				CLANG_WARN_EMPTY_BODY = YES;
				CLANG_WARN_ENUM_CONVERSION = YES;
				CLANG_WARN_INFINITE_RECURSION = YES;
				CLANG_WARN_INT_CONVERSION = YES;
				CLANG_WARN_NON_LITERAL_NULL_CONVERSION = YES;
				CLANG_WARN_OBJC_IMPLICIT_RETAIN_SELF = YES;
				CLANG_WARN_OBJC_LITERAL_CONVERSION = YES;
				CLANG_WARN_OBJC_ROOT_CLASS = YES_ERROR;
				CLANG_WARN_RANGE_LOOP_ANALYSIS = YES;
				CLANG_WARN_STRICT_PROTOTYPES = YES;
				CLANG_WARN_SUSPICIOUS_MOVE = YES;
				CLANG_WARN_UNGUARDED_AVAILABILITY = YES_AGGRESSIVE;
				CLANG_WARN_UNREACHABLE_CODE = YES;
				CLANG_WARN__DUPLICATE_METHOD_MATCH = YES;
				CODE_SIGN_IDENTITY = "iPhone Developer";
				COPY_PHASE_STRIP = NO;
				DEBUG_INFORMATION_FORMAT = dwarf;
				ENABLE_STRICT_OBJC_MSGSEND = YES;
				ENABLE_TESTABILITY = YES;
				GCC_C_LANGUAGE_STANDARD = gnu11;
				GCC_DYNAMIC_NO_PIC = NO;
				GCC_NO_COMMON_BLOCKS = YES;
				GCC_OPTIMIZATION_LEVEL = 0;
				GCC_PREPROCESSOR_DEFINITIONS = (
					"DEBUG=1",
					"$(inherited)",
				);
				GCC_WARN_64_TO_32_BIT_CONVERSION = YES;
				GCC_WARN_ABOUT_RETURN_TYPE = YES_ERROR;
				GCC_WARN_UNDECLARED_SELECTOR = YES;
				GCC_WARN_UNINITIALIZED_AUTOS = YES_AGGRESSIVE;
				GCC_WARN_UNUSED_FUNCTION = YES;
				GCC_WARN_UNUSED_VARIABLE = YES;
				IPHONEOS_DEPLOYMENT_TARGET = 12.1;
				MTL_ENABLE_DEBUG_INFO = INCLUDE_SOURCE;
				MTL_FAST_MATH = YES;
				ONLY_ACTIVE_ARCH = YES;
				SDKROOT = iphoneos;
				SWIFT_ACTIVE_COMPILATION_CONDITIONS = DEBUG;
				SWIFT_OPTIMIZATION_LEVEL = "-Onone";
			};
			name = Debug;
		};
		EA9240ED2213C2AC0016F3D8 /* Release */ = {
			isa = XCBuildConfiguration;
			buildSettings = {
				ALWAYS_SEARCH_USER_PATHS = NO;
				CLANG_ANALYZER_NONNULL = YES;
				CLANG_ANALYZER_NUMBER_OBJECT_CONVERSION = YES_AGGRESSIVE;
				CLANG_CXX_LANGUAGE_STANDARD = "gnu++14";
				CLANG_CXX_LIBRARY = "libc++";
				CLANG_ENABLE_MODULES = YES;
				CLANG_ENABLE_OBJC_ARC = YES;
				CLANG_ENABLE_OBJC_WEAK = YES;
				CLANG_WARN_BLOCK_CAPTURE_AUTORELEASING = YES;
				CLANG_WARN_BOOL_CONVERSION = YES;
				CLANG_WARN_COMMA = YES;
				CLANG_WARN_CONSTANT_CONVERSION = YES;
				CLANG_WARN_DEPRECATED_OBJC_IMPLEMENTATIONS = YES;
				CLANG_WARN_DIRECT_OBJC_ISA_USAGE = YES_ERROR;
				CLANG_WARN_DOCUMENTATION_COMMENTS = YES;
				CLANG_WARN_EMPTY_BODY = YES;
				CLANG_WARN_ENUM_CONVERSION = YES;
				CLANG_WARN_INFINITE_RECURSION = YES;
				CLANG_WARN_INT_CONVERSION = YES;
				CLANG_WARN_NON_LITERAL_NULL_CONVERSION = YES;
				CLANG_WARN_OBJC_IMPLICIT_RETAIN_SELF = YES;
				CLANG_WARN_OBJC_LITERAL_CONVERSION = YES;
				CLANG_WARN_OBJC_ROOT_CLASS = YES_ERROR;
				CLANG_WARN_RANGE_LOOP_ANALYSIS = YES;
				CLANG_WARN_STRICT_PROTOTYPES = YES;
				CLANG_WARN_SUSPICIOUS_MOVE = YES;
				CLANG_WARN_UNGUARDED_AVAILABILITY = YES_AGGRESSIVE;
				CLANG_WARN_UNREACHABLE_CODE = YES;
				CLANG_WARN__DUPLICATE_METHOD_MATCH = YES;
				CODE_SIGN_IDENTITY = "iPhone Developer";
				COPY_PHASE_STRIP = NO;
				DEBUG_INFORMATION_FORMAT = "dwarf-with-dsym";
				ENABLE_NS_ASSERTIONS = NO;
				ENABLE_STRICT_OBJC_MSGSEND = YES;
				GCC_C_LANGUAGE_STANDARD = gnu11;
				GCC_NO_COMMON_BLOCKS = YES;
				GCC_WARN_64_TO_32_BIT_CONVERSION = YES;
				GCC_WARN_ABOUT_RETURN_TYPE = YES_ERROR;
				GCC_WARN_UNDECLARED_SELECTOR = YES;
				GCC_WARN_UNINITIALIZED_AUTOS = YES_AGGRESSIVE;
				GCC_WARN_UNUSED_FUNCTION = YES;
				GCC_WARN_UNUSED_VARIABLE = YES;
				IPHONEOS_DEPLOYMENT_TARGET = 12.1;
				MTL_ENABLE_DEBUG_INFO = NO;
				MTL_FAST_MATH = YES;
				SDKROOT = iphoneos;
				SWIFT_COMPILATION_MODE = wholemodule;
				SWIFT_OPTIMIZATION_LEVEL = "-O";
				VALIDATE_PRODUCT = YES;
			};
			name = Release;
		};
		EA9240EF2213C2AC0016F3D8 /* Debug */ = {
			isa = XCBuildConfiguration;
			baseConfigurationReference = 978E508869946A5FE435E300 /* Pods-hpd-ios-mvvm.debug.xcconfig */;
			buildSettings = {
				ASSETCATALOG_COMPILER_APPICON_NAME = AppIcon;
				CODE_SIGN_STYLE = Automatic;
				DEVELOPMENT_TEAM = 2D2BXPCBY8;
				INFOPLIST_FILE = "hpd-ios-mvvm/Info.plist";
				LD_RUNPATH_SEARCH_PATHS = (
					"$(inherited)",
					"@executable_path/Frameworks",
				);
				PRODUCT_BUNDLE_IDENTIFIER = "demo.hpd-ios-mvvm";
				PRODUCT_NAME = "$(TARGET_NAME)";
				SWIFT_VERSION = 4.2;
				TARGETED_DEVICE_FAMILY = "1,2";
			};
			name = Debug;
		};
		EA9240F02213C2AC0016F3D8 /* Release */ = {
			isa = XCBuildConfiguration;
			baseConfigurationReference = C4C59C0C284F98D372576EDC /* Pods-hpd-ios-mvvm.release.xcconfig */;
			buildSettings = {
				ASSETCATALOG_COMPILER_APPICON_NAME = AppIcon;
				CODE_SIGN_STYLE = Automatic;
				DEVELOPMENT_TEAM = 2D2BXPCBY8;
				INFOPLIST_FILE = "hpd-ios-mvvm/Info.plist";
				LD_RUNPATH_SEARCH_PATHS = (
					"$(inherited)",
					"@executable_path/Frameworks",
				);
				PRODUCT_BUNDLE_IDENTIFIER = "demo.hpd-ios-mvvm";
				PRODUCT_NAME = "$(TARGET_NAME)";
				SWIFT_VERSION = 4.2;
				TARGETED_DEVICE_FAMILY = "1,2";
			};
			name = Release;
		};
/* End XCBuildConfiguration section */

/* Begin XCConfigurationList section */
		EA9240D72213C2AB0016F3D8 /* Build configuration list for PBXProject "hpd-ios-mvvm" */ = {
			isa = XCConfigurationList;
			buildConfigurations = (
				EA9240EC2213C2AC0016F3D8 /* Debug */,
				EA9240ED2213C2AC0016F3D8 /* Release */,
			);
			defaultConfigurationIsVisible = 0;
			defaultConfigurationName = Release;
		};
		EA9240EE2213C2AC0016F3D8 /* Build configuration list for PBXNativeTarget "hpd-ios-mvvm" */ = {
			isa = XCConfigurationList;
			buildConfigurations = (
				EA9240EF2213C2AC0016F3D8 /* Debug */,
				EA9240F02213C2AC0016F3D8 /* Release */,
			);
			defaultConfigurationIsVisible = 0;
			defaultConfigurationName = Release;
		};
/* End XCConfigurationList section */
	};
	rootObject = EA9240D42213C2AB0016F3D8 /* Project object */;
}
